
Microsoft Visual Studio Solution File, Format Version 12.00
# Visual Studio Version 17
VisualStudioVersion = 17.10.35013.160
MinimumVisualStudioVersion = 10.0.40219.1
Project("{FAE04EC0-301F-11D3-BF4B-00C04F79EFBC}") = "Naseej", "Naseej\Naseej.csproj", "{3EB1CDE9-B41D-4CEC-ADCE-B5510ED3FEF9}"
EndProject
Global
	GlobalSection(SolutionConfigurationPlatforms) = preSolution
		Debug|Any CPU = Debug|Any CPU
		Release|Any CPU = Release|Any CPU
	EndGlobalSection
	GlobalSection(ProjectConfigurationPlatforms) = postSolution
		{3EB1CDE9-B41D-4CEC-ADCE-B5510ED3FEF9}.Debug|Any CPU.ActiveCfg = Debug|Any CPU
		{3EB1CDE9-B41D-4CEC-ADCE-B5510ED3FEF9}.Debug|Any CPU.Build.0 = Debug|Any CPU
		{3EB1CDE9-B41D-4CEC-ADCE-B5510ED3FEF9}.Release|Any CPU.ActiveCfg = Release|Any CPU
		{3EB1CDE9-B41D-4CEC-ADCE-B5510ED3FEF9}.Release|Any CPU.Build.0 = Release|Any CPU
	EndGlobalSection
	GlobalSection(SolutionProperties) = preSolution
		HideSolutionNode = FALSE
	EndGlobalSection
	GlobalSection(ExtensibilityGlobals) = postSolution
		SolutionGuid = {E6707B2A-3EAA-428C-8702-6D53CE933F9B}
	EndGlobalSection
EndGlobal
